
Microsoft Visual Studio Solution File, Format Version 12.00
# Visual Studio 15
VisualStudioVersion = 15.0.27428.2037
MinimumVisualStudioVersion = 10.0.40219.1
Project("{FAE04EC0-301F-11D3-BF4B-00C04F79EFBC}") = "Droid.Popup", "Droid.Popup\Droid.Popup.csproj", "{D91B5F79-A13B-4566-B7F0-CBF5D4D91AC1}"
EndProject
Project("{FAE04EC0-301F-11D3-BF4B-00C04F79EFBC}") = "iOS.Popup", "iOS.Popup\iOS.Popup.csproj", "{0DC5433C-5C53-4E00-B684-29B6E0C7427E}"
EndProject
Project("{FAE04EC0-301F-11D3-BF4B-00C04F79EFBC}") = "WPF.Popup", "WPF.Popup\WPF.Popup.csproj", "{4784DC3F-E42F-456D-B4FD-89D7044BAB25}"
EndProject
Global
	GlobalSection(SolutionConfigurationPlatforms) = preSolution
		Debug|Any CPU = Debug|Any CPU
		Debug|iPhone = Debug|iPhone
		Debug|iPhoneSimulator = Debug|iPhoneSimulator
		Release|Any CPU = Release|Any CPU
		Release|iPhone = Release|iPhone
		Release|iPhoneSimulator = Release|iPhoneSimulator
	EndGlobalSection
	GlobalSection(ProjectConfigurationPlatforms) = postSolution
		{D91B5F79-A13B-4566-B7F0-CBF5D4D91AC1}.Debug|Any CPU.ActiveCfg = Debug|Any CPU
		{D91B5F79-A13B-4566-B7F0-CBF5D4D91AC1}.Debug|Any CPU.Build.0 = Debug|Any CPU
		{D91B5F79-A13B-4566-B7F0-CBF5D4D91AC1}.Debug|Any CPU.Deploy.0 = Debug|Any CPU
		{D91B5F79-A13B-4566-B7F0-CBF5D4D91AC1}.Debug|iPhone.ActiveCfg = Debug|Any CPU
		{D91B5F79-A13B-4566-B7F0-CBF5D4D91AC1}.Debug|iPhone.Build.0 = Debug|Any CPU
		{D91B5F79-A13B-4566-B7F0-CBF5D4D91AC1}.Debug|iPhoneSimulator.ActiveCfg = Debug|Any CPU
		{D91B5F79-A13B-4566-B7F0-CBF5D4D91AC1}.Debug|iPhoneSimulator.Build.0 = Debug|Any CPU
		{D91B5F79-A13B-4566-B7F0-CBF5D4D91AC1}.Release|Any CPU.ActiveCfg = Release|Any CPU
		{D91B5F79-A13B-4566-B7F0-CBF5D4D91AC1}.Release|Any CPU.Build.0 = Release|Any CPU
		{D91B5F79-A13B-4566-B7F0-CBF5D4D91AC1}.Release|Any CPU.Deploy.0 = Release|Any CPU
		{D91B5F79-A13B-4566-B7F0-CBF5D4D91AC1}.Release|iPhone.ActiveCfg = Release|Any CPU
		{D91B5F79-A13B-4566-B7F0-CBF5D4D91AC1}.Release|iPhone.Build.0 = Release|Any CPU
		{D91B5F79-A13B-4566-B7F0-CBF5D4D91AC1}.Release|iPhoneSimulator.ActiveCfg = Release|Any CPU
		{D91B5F79-A13B-4566-B7F0-CBF5D4D91AC1}.Release|iPhoneSimulator.Build.0 = Release|Any CPU
		{0DC5433C-5C53-4E00-B684-29B6E0C7427E}.Debug|Any CPU.ActiveCfg = Debug|iPhoneSimulator
		{0DC5433C-5C53-4E00-B684-29B6E0C7427E}.Debug|Any CPU.Build.0 = Debug|iPhoneSimulator
		{0DC5433C-5C53-4E00-B684-29B6E0C7427E}.Debug|iPhone.ActiveCfg = Debug|iPhone
		{0DC5433C-5C53-4E00-B684-29B6E0C7427E}.Debug|iPhone.Build.0 = Debug|iPhone
		{0DC5433C-5C53-4E00-B684-29B6E0C7427E}.Debug|iPhoneSimulator.ActiveCfg = Debug|iPhoneSimulator
		{0DC5433C-5C53-4E00-B684-29B6E0C7427E}.Debug|iPhoneSimulator.Build.0 = Debug|iPhoneSimulator
		{0DC5433C-5C53-4E00-B684-29B6E0C7427E}.Release|Any CPU.ActiveCfg = Release|iPhone
		{0DC5433C-5C53-4E00-B684-29B6E0C7427E}.Release|Any CPU.Build.0 = Release|iPhone
		{0DC5433C-5C53-4E00-B684-29B6E0C7427E}.Release|iPhone.ActiveCfg = Release|iPhone
		{0DC5433C-5C53-4E00-B684-29B6E0C7427E}.Release|iPhone.Build.0 = Release|iPhone
		{0DC5433C-5C53-4E00-B684-29B6E0C7427E}.Release|iPhoneSimulator.ActiveCfg = Release|iPhoneSimulator
		{0DC5433C-5C53-4E00-B684-29B6E0C7427E}.Release|iPhoneSimulator.Build.0 = Release|iPhoneSimulator
		{4784DC3F-E42F-456D-B4FD-89D7044BAB25}.Debug|Any CPU.ActiveCfg = Debug|Any CPU
		{4784DC3F-E42F-456D-B4FD-89D7044BAB25}.Debug|Any CPU.Build.0 = Debug|Any CPU
		{4784DC3F-E42F-456D-B4FD-89D7044BAB25}.Debug|iPhone.ActiveCfg = Debug|Any CPU
		{4784DC3F-E42F-456D-B4FD-89D7044BAB25}.Debug|iPhone.Build.0 = Debug|Any CPU
		{4784DC3F-E42F-456D-B4FD-89D7044BAB25}.Debug|iPhoneSimulator.ActiveCfg = Debug|Any CPU
		{4784DC3F-E42F-456D-B4FD-89D7044BAB25}.Debug|iPhoneSimulator.Build.0 = Debug|Any CPU
		{4784DC3F-E42F-456D-B4FD-89D7044BAB25}.Release|Any CPU.ActiveCfg = Release|Any CPU
		{4784DC3F-E42F-456D-B4FD-89D7044BAB25}.Release|Any CPU.Build.0 = Release|Any CPU
		{4784DC3F-E42F-456D-B4FD-89D7044BAB25}.Release|iPhone.ActiveCfg = Release|Any CPU
		{4784DC3F-E42F-456D-B4FD-89D7044BAB25}.Release|iPhone.Build.0 = Release|Any CPU
		{4784DC3F-E42F-456D-B4FD-89D7044BAB25}.Release|iPhoneSimulator.ActiveCfg = Release|Any CPU
		{4784DC3F-E42F-456D-B4FD-89D7044BAB25}.Release|iPhoneSimulator.Build.0 = Release|Any CPU
	EndGlobalSection
	GlobalSection(SolutionProperties) = preSolution
		HideSolutionNode = FALSE
	EndGlobalSection
	GlobalSection(ExtensibilityGlobals) = postSolution
		SolutionGuid = {03F3156C-2F08-475A-A309-D75D064918D6}
	EndGlobalSection
EndGlobal
